
Microsoft Visual Studio Solution File, Format Version 12.00
# Visual Studio 15
Project("{FAE04EC0-301F-11D3-BF4B-00C04F79EFBC}") = "KartGame", "KartGame.csproj", "{2F046D52-7FD2-C0D5-EB65-6A0DE1EE028D}"
EndProject
Project("{FAE04EC0-301F-11D3-BF4B-00C04F79EFBC}") = "Assembly-CSharp", "Assembly-CSharp.csproj", "{A8D5FEBE-DFC8-6304-1C0B-91D5F9861E9F}"
EndProject
Project("{FAE04EC0-301F-11D3-BF4B-00C04F79EFBC}") = "MLAgentsToolKit", "MLAgentsToolKit.csproj", "{1253AB1E-D790-13FF-C20D-2833E55B5A37}"
EndProject
Project("{FAE04EC0-301F-11D3-BF4B-00C04F79EFBC}") = "KartGame.AI", "KartGame.AI.csproj", "{AE20D050-03FB-5F82-4261-F8A920170006}"
EndProject
Project("{FAE04EC0-301F-11D3-BF4B-00C04F79EFBC}") = "MLAgentsToolKit.Editor", "MLAgentsToolKit.Editor.csproj", "{05B3139B-6C99-3441-CEDF-E1B4B10AA1B2}"
EndProject
Project("{FAE04EC0-301F-11D3-BF4B-00C04F79EFBC}") = "KartGame.Editor", "KartGame.Editor.csproj", "{798A5DB3-3552-7B6D-58DB-0CCF3AC84FD3}"
EndProject
Project("{FAE04EC0-301F-11D3-BF4B-00C04F79EFBC}") = "Assembly-CSharp-Editor", "Assembly-CSharp-Editor.csproj", "{7BBC1123-7E03-87A4-10B5-FC8DC19374FA}"
EndProject
Project("{FAE04EC0-301F-11D3-BF4B-00C04F79EFBC}") = "KartGame.AI.Editor", "KartGame.AI.Editor.csproj", "{875E1A55-C47D-A794-852E-17416715EF0A}"
EndProject
Global
	GlobalSection(SolutionConfigurationPlatforms) = preSolution
		Debug|Any CPU = Debug|Any CPU
		Release|Any CPU = Release|Any CPU
	EndGlobalSection
	GlobalSection(ProjectConfigurationPlatforms) = postSolution
		{2F046D52-7FD2-C0D5-EB65-6A0DE1EE028D}.Debug|Any CPU.ActiveCfg = Debug|Any CPU
		{2F046D52-7FD2-C0D5-EB65-6A0DE1EE028D}.Debug|Any CPU.Build.0 = Debug|Any CPU
		{2F046D52-7FD2-C0D5-EB65-6A0DE1EE028D}.Release|Any CPU.ActiveCfg = Release|Any CPU
		{2F046D52-7FD2-C0D5-EB65-6A0DE1EE028D}.Release|Any CPU.Build.0 = Release|Any CPU
		{A8D5FEBE-DFC8-6304-1C0B-91D5F9861E9F}.Debug|Any CPU.ActiveCfg = Debug|Any CPU
		{A8D5FEBE-DFC8-6304-1C0B-91D5F9861E9F}.Debug|Any CPU.Build.0 = Debug|Any CPU
		{A8D5FEBE-DFC8-6304-1C0B-91D5F9861E9F}.Release|Any CPU.ActiveCfg = Release|Any CPU
		{A8D5FEBE-DFC8-6304-1C0B-91D5F9861E9F}.Release|Any CPU.Build.0 = Release|Any CPU
		{1253AB1E-D790-13FF-C20D-2833E55B5A37}.Debug|Any CPU.ActiveCfg = Debug|Any CPU
		{1253AB1E-D790-13FF-C20D-2833E55B5A37}.Debug|Any CPU.Build.0 = Debug|Any CPU
		{1253AB1E-D790-13FF-C20D-2833E55B5A37}.Release|Any CPU.ActiveCfg = Release|Any CPU
		{1253AB1E-D790-13FF-C20D-2833E55B5A37}.Release|Any CPU.Build.0 = Release|Any CPU
		{AE20D050-03FB-5F82-4261-F8A920170006}.Debug|Any CPU.ActiveCfg = Debug|Any CPU
		{AE20D050-03FB-5F82-4261-F8A920170006}.Debug|Any CPU.Build.0 = Debug|Any CPU
		{AE20D050-03FB-5F82-4261-F8A920170006}.Release|Any CPU.ActiveCfg = Release|Any CPU
		{AE20D050-03FB-5F82-4261-F8A920170006}.Release|Any CPU.Build.0 = Release|Any CPU
		{05B3139B-6C99-3441-CEDF-E1B4B10AA1B2}.Debug|Any CPU.ActiveCfg = Debug|Any CPU
		{05B3139B-6C99-3441-CEDF-E1B4B10AA1B2}.Debug|Any CPU.Build.0 = Debug|Any CPU
		{05B3139B-6C99-3441-CEDF-E1B4B10AA1B2}.Release|Any CPU.ActiveCfg = Release|Any CPU
		{05B3139B-6C99-3441-CEDF-E1B4B10AA1B2}.Release|Any CPU.Build.0 = Release|Any CPU
		{798A5DB3-3552-7B6D-58DB-0CCF3AC84FD3}.Debug|Any CPU.ActiveCfg = Debug|Any CPU
		{798A5DB3-3552-7B6D-58DB-0CCF3AC84FD3}.Debug|Any CPU.Build.0 = Debug|Any CPU
		{798A5DB3-3552-7B6D-58DB-0CCF3AC84FD3}.Release|Any CPU.ActiveCfg = Release|Any CPU
		{798A5DB3-3552-7B6D-58DB-0CCF3AC84FD3}.Release|Any CPU.Build.0 = Release|Any CPU
		{7BBC1123-7E03-87A4-10B5-FC8DC19374FA}.Debug|Any CPU.ActiveCfg = Debug|Any CPU
		{7BBC1123-7E03-87A4-10B5-FC8DC19374FA}.Debug|Any CPU.Build.0 = Debug|Any CPU
		{7BBC1123-7E03-87A4-10B5-FC8DC19374FA}.Release|Any CPU.ActiveCfg = Release|Any CPU
		{7BBC1123-7E03-87A4-10B5-FC8DC19374FA}.Release|Any CPU.Build.0 = Release|Any CPU
		{875E1A55-C47D-A794-852E-17416715EF0A}.Debug|Any CPU.ActiveCfg = Debug|Any CPU
		{875E1A55-C47D-A794-852E-17416715EF0A}.Debug|Any CPU.Build.0 = Debug|Any CPU
		{875E1A55-C47D-A794-852E-17416715EF0A}.Release|Any CPU.ActiveCfg = Release|Any CPU
		{875E1A55-C47D-A794-852E-17416715EF0A}.Release|Any CPU.Build.0 = Release|Any CPU
	EndGlobalSection
	GlobalSection(SolutionProperties) = preSolution
		HideSolutionNode = FALSE
	EndGlobalSection
EndGlobal
